// !$*UTF8*$!
{
	archiveVersion = 1;
	classes = {
	};
	objectVersion = 52;
	objects = {

/* Begin PBXBuildFile section */
		5431B01E25ECBD4900F8DAF7 /* HomeViewModel.swift in Sources */ = {isa = PBXBuildFile; fileRef = 5431B01D25ECBD4900F8DAF7 /* HomeViewModel.swift */; };
		544A93C925EF3A8A00D9AD4D /* SDWebImageSwiftUI in Frameworks */ = {isa = PBXBuildFile; productRef = 544A93C825EF3A8A00D9AD4D /* SDWebImageSwiftUI */; };
		544A93CC25EF3E1900D9AD4D /* Item.swift in Sources */ = {isa = PBXBuildFile; fileRef = 544A93CB25EF3E1900D9AD4D /* Item.swift */; };
		54A2A8A225EE2AB00078D517 /* GoogleService-Info.plist in Resources */ = {isa = PBXBuildFile; fileRef = 54A2A8A125EE2AB00078D517 /* GoogleService-Info.plist */; };
		54A7552025EF5E8300E62BB7 /* ItemView.swift in Sources */ = {isa = PBXBuildFile; fileRef = 54A7551F25EF5E8300E62BB7 /* ItemView.swift */; };
		54FC623025EC9636002C4BA6 /* E_CommerceApp.swift in Sources */ = {isa = PBXBuildFile; fileRef = 54FC622F25EC9636002C4BA6 /* E_CommerceApp.swift */; };
		54FC623225EC9636002C4BA6 /* ContentView.swift in Sources */ = {isa = PBXBuildFile; fileRef = 54FC623125EC9636002C4BA6 /* ContentView.swift */; };
		54FC623425EC9638002C4BA6 /* Assets.xcassets in Resources */ = {isa = PBXBuildFile; fileRef = 54FC623325EC9638002C4BA6 /* Assets.xcassets */; };
		54FC623725EC9638002C4BA6 /* Preview Assets.xcassets in Resources */ = {isa = PBXBuildFile; fileRef = 54FC623625EC9638002C4BA6 /* Preview Assets.xcassets */; };
		54FC624725EC990B002C4BA6 /* Home.swift in Sources */ = {isa = PBXBuildFile; fileRef = 54FC624625EC990B002C4BA6 /* Home.swift */; };
		54FC624A25EC9916002C4BA6 /* Menu.swift in Sources */ = {isa = PBXBuildFile; fileRef = 54FC624925EC9916002C4BA6 /* Menu.swift */; };
		C019EC358E2FE93DECC8FBE3 /* Pods_E_Commerce.framework in Frameworks */ = {isa = PBXBuildFile; fileRef = 56FD904B42628AB2023EEB26 /* Pods_E_Commerce.framework */; };
/* End PBXBuildFile section */

/* Begin PBXFileReference section */
		171AC3EBD8593C3839014829 /* Pods-E-Commerce.release.xcconfig */ = {isa = PBXFileReference; includeInIndex = 1; lastKnownFileType = text.xcconfig; name = "Pods-E-Commerce.release.xcconfig"; path = "Target Support Files/Pods-E-Commerce/Pods-E-Commerce.release.xcconfig"; sourceTree = "<group>"; };
		5431B01D25ECBD4900F8DAF7 /* HomeViewModel.swift */ = {isa = PBXFileReference; lastKnownFileType = sourcecode.swift; path = HomeViewModel.swift; sourceTree = "<group>"; };
		544A93CB25EF3E1900D9AD4D /* Item.swift */ = {isa = PBXFileReference; lastKnownFileType = sourcecode.swift; path = Item.swift; sourceTree = "<group>"; };
		54A2A8A125EE2AB00078D517 /* GoogleService-Info.plist */ = {isa = PBXFileReference; fileEncoding = 4; lastKnownFileType = text.plist.xml; name = "GoogleService-Info.plist"; path = "../../../../../Downloads/GoogleService-Info.plist"; sourceTree = "<group>"; };
		54A7551F25EF5E8300E62BB7 /* ItemView.swift */ = {isa = PBXFileReference; lastKnownFileType = sourcecode.swift; path = ItemView.swift; sourceTree = "<group>"; };
		54FC622C25EC9636002C4BA6 /* E-Commerce.app */ = {isa = PBXFileReference; explicitFileType = wrapper.application; includeInIndex = 0; path = "E-Commerce.app"; sourceTree = BUILT_PRODUCTS_DIR; };
		54FC622F25EC9636002C4BA6 /* E_CommerceApp.swift */ = {isa = PBXFileReference; lastKnownFileType = sourcecode.swift; path = E_CommerceApp.swift; sourceTree = "<group>"; };
		54FC623125EC9636002C4BA6 /* ContentView.swift */ = {isa = PBXFileReference; lastKnownFileType = sourcecode.swift; path = ContentView.swift; sourceTree = "<group>"; };
		54FC623325EC9638002C4BA6 /* Assets.xcassets */ = {isa = PBXFileReference; lastKnownFileType = folder.assetcatalog; path = Assets.xcassets; sourceTree = "<group>"; };
		54FC623625EC9638002C4BA6 /* Preview Assets.xcassets */ = {isa = PBXFileReference; lastKnownFileType = folder.assetcatalog; path = "Preview Assets.xcassets"; sourceTree = "<group>"; };
		54FC623825EC9638002C4BA6 /* Info.plist */ = {isa = PBXFileReference; lastKnownFileType = text.plist.xml; path = Info.plist; sourceTree = "<group>"; };
		54FC624625EC990B002C4BA6 /* Home.swift */ = {isa = PBXFileReference; lastKnownFileType = sourcecode.swift; path = Home.swift; sourceTree = "<group>"; };
		54FC624925EC9916002C4BA6 /* Menu.swift */ = {isa = PBXFileReference; lastKnownFileType = sourcecode.swift; path = Menu.swift; sourceTree = "<group>"; };
		56FD904B42628AB2023EEB26 /* Pods_E_Commerce.framework */ = {isa = PBXFileReference; explicitFileType = wrapper.framework; includeInIndex = 0; path = Pods_E_Commerce.framework; sourceTree = BUILT_PRODUCTS_DIR; };
		8E2274C6A4D1229211083AEA /* Pods-E-Commerce.debug.xcconfig */ = {isa = PBXFileReference; includeInIndex = 1; lastKnownFileType = text.xcconfig; name = "Pods-E-Commerce.debug.xcconfig"; path = "Target Support Files/Pods-E-Commerce/Pods-E-Commerce.debug.xcconfig"; sourceTree = "<group>"; };
/* End PBXFileReference section */

/* Begin PBXFrameworksBuildPhase section */
		54FC622925EC9636002C4BA6 /* Frameworks */ = {
			isa = PBXFrameworksBuildPhase;
			buildActionMask = 2147483647;
			files = (
				544A93C925EF3A8A00D9AD4D /* SDWebImageSwiftUI in Frameworks */,
				C019EC358E2FE93DECC8FBE3 /* Pods_E_Commerce.framework in Frameworks */,
			);
			runOnlyForDeploymentPostprocessing = 0;
		};
/* End PBXFrameworksBuildPhase section */

/* Begin PBXGroup section */
		29E4973C9D49583E057BE30B /* Pods */ = {
			isa = PBXGroup;
			children = (
				8E2274C6A4D1229211083AEA /* Pods-E-Commerce.debug.xcconfig */,
				171AC3EBD8593C3839014829 /* Pods-E-Commerce.release.xcconfig */,
			);
			path = Pods;
			sourceTree = "<group>";
		};
		54FC622325EC9636002C4BA6 = {
			isa = PBXGroup;
			children = (
				54FC622E25EC9636002C4BA6 /* E-Commerce */,
				54FC622D25EC9636002C4BA6 /* Products */,
				29E4973C9D49583E057BE30B /* Pods */,
				ECB32E38E8C01FF7B803C9BB /* Frameworks */,
			);
			sourceTree = "<group>";
		};
		54FC622D25EC9636002C4BA6 /* Products */ = {
			isa = PBXGroup;
			children = (
				54FC622C25EC9636002C4BA6 /* E-Commerce.app */,
			);
			name = Products;
			sourceTree = "<group>";
		};
		54FC622E25EC9636002C4BA6 /* E-Commerce */ = {
			isa = PBXGroup;
			children = (
				54A2A8A125EE2AB00078D517 /* GoogleService-Info.plist */,
				54FC624125EC9814002C4BA6 /* Model */,
				54FC624025EC980D002C4BA6 /* View */,
				54FC623F25EC97E5002C4BA6 /* ViewModel */,
				54FC622F25EC9636002C4BA6 /* E_CommerceApp.swift */,
				54FC623125EC9636002C4BA6 /* ContentView.swift */,
				54FC623325EC9638002C4BA6 /* Assets.xcassets */,
				54FC623825EC9638002C4BA6 /* Info.plist */,
				54FC623525EC9638002C4BA6 /* Preview Content */,
			);
			path = "E-Commerce";
			sourceTree = "<group>";
		};
		54FC623525EC9638002C4BA6 /* Preview Content */ = {
			isa = PBXGroup;
			children = (
				54FC623625EC9638002C4BA6 /* Preview Assets.xcassets */,
			);
			path = "Preview Content";
			sourceTree = "<group>";
		};
		54FC623F25EC97E5002C4BA6 /* ViewModel */ = {
			isa = PBXGroup;
			children = (
				5431B01D25ECBD4900F8DAF7 /* HomeViewModel.swift */,
			);
			path = ViewModel;
			sourceTree = "<group>";
		};
		54FC624025EC980D002C4BA6 /* View */ = {
			isa = PBXGroup;
			children = (
				54FC624625EC990B002C4BA6 /* Home.swift */,
				54FC624925EC9916002C4BA6 /* Menu.swift */,
			);
			path = View;
			sourceTree = "<group>";
		};
		54FC624125EC9814002C4BA6 /* Model */ = {
			isa = PBXGroup;
			children = (
				544A93CB25EF3E1900D9AD4D /* Item.swift */,
				54A7551F25EF5E8300E62BB7 /* ItemView.swift */,
			);
			path = Model;
			sourceTree = "<group>";
		};
		ECB32E38E8C01FF7B803C9BB /* Frameworks */ = {
			isa = PBXGroup;
			children = (
				56FD904B42628AB2023EEB26 /* Pods_E_Commerce.framework */,
			);
			name = Frameworks;
			sourceTree = "<group>";
		};
/* End PBXGroup section */

/* Begin PBXNativeTarget section */
		54FC622B25EC9636002C4BA6 /* E-Commerce */ = {
			isa = PBXNativeTarget;
			buildConfigurationList = 54FC623B25EC9638002C4BA6 /* Build configuration list for PBXNativeTarget "E-Commerce" */;
			buildPhases = (
				477C0550BCAE6B336124B839 /* [CP] Check Pods Manifest.lock */,
				54FC622825EC9636002C4BA6 /* Sources */,
				54FC622925EC9636002C4BA6 /* Frameworks */,
				54FC622A25EC9636002C4BA6 /* Resources */,
				4C619D141569B3B0CF837AB9 /* [CP] Embed Pods Frameworks */,
			);
			buildRules = (
			);
			dependencies = (
			);
			name = "E-Commerce";
			packageProductDependencies = (
				544A93C825EF3A8A00D9AD4D /* SDWebImageSwiftUI */,
			);
			productName = "E-Commerce";
			productReference = 54FC622C25EC9636002C4BA6 /* E-Commerce.app */;
			productType = "com.apple.product-type.application";
		};
/* End PBXNativeTarget section */

/* Begin PBXProject section */
		54FC622425EC9636002C4BA6 /* Project object */ = {
			isa = PBXProject;
			attributes = {
				LastSwiftUpdateCheck = 1210;
				LastUpgradeCheck = 1210;
				TargetAttributes = {
					54FC622B25EC9636002C4BA6 = {
						CreatedOnToolsVersion = 12.1;
					};
				};
			};
			buildConfigurationList = 54FC622725EC9636002C4BA6 /* Build configuration list for PBXProject "E-Commerce" */;
			compatibilityVersion = "Xcode 9.3";
			developmentRegion = en;
			hasScannedForEncodings = 0;
			knownRegions = (
				en,
				Base,
			);
			mainGroup = 54FC622325EC9636002C4BA6;
			packageReferences = (
				544A93C725EF3A8A00D9AD4D /* XCRemoteSwiftPackageReference "SDWebImageSwiftUI" */,
			);
			productRefGroup = 54FC622D25EC9636002C4BA6 /* Products */;
			projectDirPath = "";
			projectRoot = "";
			targets = (
				54FC622B25EC9636002C4BA6 /* E-Commerce */,
			);
		};
/* End PBXProject section */

/* Begin PBXResourcesBuildPhase section */
		54FC622A25EC9636002C4BA6 /* Resources */ = {
			isa = PBXResourcesBuildPhase;
			buildActionMask = 2147483647;
			files = (
				54FC623725EC9638002C4BA6 /* Preview Assets.xcassets in Resources */,
				54FC623425EC9638002C4BA6 /* Assets.xcassets in Resources */,
				54A2A8A225EE2AB00078D517 /* GoogleService-Info.plist in Resources */,
			);
			runOnlyForDeploymentPostprocessing = 0;
		};
/* End PBXResourcesBuildPhase section */

/* Begin PBXShellScriptBuildPhase section */
		477C0550BCAE6B336124B839 /* [CP] Check Pods Manifest.lock */ = {
			isa = PBXShellScriptBuildPhase;
			buildActionMask = 2147483647;
			files = (
			);
			inputFileListPaths = (
			);
			inputPaths = (
				"${PODS_PODFILE_DIR_PATH}/Podfile.lock",
				"${PODS_ROOT}/Manifest.lock",
			);
			name = "[CP] Check Pods Manifest.lock";
			outputFileListPaths = (
			);
			outputPaths = (
				"$(DERIVED_FILE_DIR)/Pods-E-Commerce-checkManifestLockResult.txt",
			);
			runOnlyForDeploymentPostprocessing = 0;
			shellPath = /bin/sh;
			shellScript = "diff \"${PODS_PODFILE_DIR_PATH}/Podfile.lock\" \"${PODS_ROOT}/Manifest.lock\" > /dev/null\nif [ $? != 0 ] ; then\n    # print error to STDERR\n    echo \"error: The sandbox is not in sync with the Podfile.lock. Run 'pod install' or update your CocoaPods installation.\" >&2\n    exit 1\nfi\n# This output is used by Xcode 'outputs' to avoid re-running this script phase.\necho \"SUCCESS\" > \"${SCRIPT_OUTPUT_FILE_0}\"\n";
			showEnvVarsInLog = 0;
		};
		4C619D141569B3B0CF837AB9 /* [CP] Embed Pods Frameworks */ = {
			isa = PBXShellScriptBuildPhase;
			buildActionMask = 2147483647;
			files = (
			);
			inputFileListPaths = (
				"${PODS_ROOT}/Target Support Files/Pods-E-Commerce/Pods-E-Commerce-frameworks-${CONFIGURATION}-input-files.xcfilelist",
			);
			name = "[CP] Embed Pods Frameworks";
			outputFileListPaths = (
				"${PODS_ROOT}/Target Support Files/Pods-E-Commerce/Pods-E-Commerce-frameworks-${CONFIGURATION}-output-files.xcfilelist",
			);
			runOnlyForDeploymentPostprocessing = 0;
			shellPath = /bin/sh;
			shellScript = "\"${PODS_ROOT}/Target Support Files/Pods-E-Commerce/Pods-E-Commerce-frameworks.sh\"\n";
			showEnvVarsInLog = 0;
		};
/* End PBXShellScriptBuildPhase section */

/* Begin PBXSourcesBuildPhase section */
		54FC622825EC9636002C4BA6 /* Sources */ = {
			isa = PBXSourcesBuildPhase;
			buildActionMask = 2147483647;
			files = (
				54FC623225EC9636002C4BA6 /* ContentView.swift in Sources */,
				54FC624725EC990B002C4BA6 /* Home.swift in Sources */,
				54FC623025EC9636002C4BA6 /* E_CommerceApp.swift in Sources */,
				5431B01E25ECBD4900F8DAF7 /* HomeViewModel.swift in Sources */,
				54A7552025EF5E8300E62BB7 /* ItemView.swift in Sources */,
				544A93CC25EF3E1900D9AD4D /* Item.swift in Sources */,
				54FC624A25EC9916002C4BA6 /* Menu.swift in Sources */,
			);
			runOnlyForDeploymentPostprocessing = 0;
		};
/* End PBXSourcesBuildPhase section */

/* Begin XCBuildConfiguration section */
		54FC623925EC9638002C4BA6 /* Debug */ = {
			isa = XCBuildConfiguration;
			buildSettings = {
				ALWAYS_SEARCH_USER_PATHS = NO;
				CLANG_ANALYZER_NONNULL = YES;
				CLANG_ANALYZER_NUMBER_OBJECT_CONVERSION = YES_AGGRESSIVE;
				CLANG_CXX_LANGUAGE_STANDARD = "gnu++14";
				CLANG_CXX_LIBRARY = "libc++";
				CLANG_ENABLE_MODULES = YES;
				CLANG_ENABLE_OBJC_ARC = YES;
				CLANG_ENABLE_OBJC_WEAK = YES;
				CLANG_WARN_BLOCK_CAPTURE_AUTORELEASING = YES;
				CLANG_WARN_BOOL_CONVERSION = YES;
				CLANG_WARN_COMMA = YES;
				CLANG_WARN_CONSTANT_CONVERSION = YES;
				CLANG_WARN_DEPRECATED_OBJC_IMPLEMENTATIONS = YES;
				CLANG_WARN_DIRECT_OBJC_ISA_USAGE = YES_ERROR;
				CLANG_WARN_DOCUMENTATION_COMMENTS = YES;
				CLANG_WARN_EMPTY_BODY = YES;
				CLANG_WARN_ENUM_CONVERSION = YES;
				CLANG_WARN_INFINITE_RECURSION = YES;
				CLANG_WARN_INT_CONVERSION = YES;
				CLANG_WARN_NON_LITERAL_NULL_CONVERSION = YES;
				CLANG_WARN_OBJC_IMPLICIT_RETAIN_SELF = YES;
				CLANG_WARN_OBJC_LITERAL_CONVERSION = YES;
				CLANG_WARN_OBJC_ROOT_CLASS = YES_ERROR;
				CLANG_WARN_QUOTED_INCLUDE_IN_FRAMEWORK_HEADER = YES;
				CLANG_WARN_RANGE_LOOP_ANALYSIS = YES;
				CLANG_WARN_STRICT_PROTOTYPES = YES;
				CLANG_WARN_SUSPICIOUS_MOVE = YES;
				CLANG_WARN_UNGUARDED_AVAILABILITY = YES_AGGRESSIVE;
				CLANG_WARN_UNREACHABLE_CODE = YES;
				CLANG_WARN__DUPLICATE_METHOD_MATCH = YES;
				COPY_PHASE_STRIP = NO;
				DEBUG_INFORMATION_FORMAT = dwarf;
				ENABLE_STRICT_OBJC_MSGSEND = YES;
				ENABLE_TESTABILITY = YES;
				GCC_C_LANGUAGE_STANDARD = gnu11;
				GCC_DYNAMIC_NO_PIC = NO;
				GCC_NO_COMMON_BLOCKS = YES;
				GCC_OPTIMIZATION_LEVEL = 0;
				GCC_PREPROCESSOR_DEFINITIONS = (
					"DEBUG=1",
					"$(inherited)",
				);
				GCC_WARN_64_TO_32_BIT_CONVERSION = YES;
				GCC_WARN_ABOUT_RETURN_TYPE = YES_ERROR;
				GCC_WARN_UNDECLARED_SELECTOR = YES;
				GCC_WARN_UNINITIALIZED_AUTOS = YES_AGGRESSIVE;
				GCC_WARN_UNUSED_FUNCTION = YES;
				GCC_WARN_UNUSED_VARIABLE = YES;
				IPHONEOS_DEPLOYMENT_TARGET = 14.1;
				MTL_ENABLE_DEBUG_INFO = INCLUDE_SOURCE;
				MTL_FAST_MATH = YES;
				ONLY_ACTIVE_ARCH = YES;
				SDKROOT = iphoneos;
				SWIFT_ACTIVE_COMPILATION_CONDITIONS = DEBUG;
				SWIFT_OPTIMIZATION_LEVEL = "-Onone";
			};
			name = Debug;
		};
		54FC623A25EC9638002C4BA6 /* Release */ = {
			isa = XCBuildConfiguration;
			buildSettings = {
				ALWAYS_SEARCH_USER_PATHS = NO;
				CLANG_ANALYZER_NONNULL = YES;
				CLANG_ANALYZER_NUMBER_OBJECT_CONVERSION = YES_AGGRESSIVE;
				CLANG_CXX_LANGUAGE_STANDARD = "gnu++14";
				CLANG_CXX_LIBRARY = "libc++";
				CLANG_ENABLE_MODULES = YES;
				CLANG_ENABLE_OBJC_ARC = YES;
				CLANG_ENABLE_OBJC_WEAK = YES;
				CLANG_WARN_BLOCK_CAPTURE_AUTORELEASING = YES;
				CLANG_WARN_BOOL_CONVERSION = YES;
				CLANG_WARN_COMMA = YES;
				CLANG_WARN_CONSTANT_CONVERSION = YES;
				CLANG_WARN_DEPRECATED_OBJC_IMPLEMENTATIONS = YES;
				CLANG_WARN_DIRECT_OBJC_ISA_USAGE = YES_ERROR;
				CLANG_WARN_DOCUMENTATION_COMMENTS = YES;
				CLANG_WARN_EMPTY_BODY = YES;
				CLANG_WARN_ENUM_CONVERSION = YES;
				CLANG_WARN_INFINITE_RECURSION = YES;
				CLANG_WARN_INT_CONVERSION = YES;
				CLANG_WARN_NON_LITERAL_NULL_CONVERSION = YES;
				CLANG_WARN_OBJC_IMPLICIT_RETAIN_SELF = YES;
				CLANG_WARN_OBJC_LITERAL_CONVERSION = YES;
				CLANG_WARN_OBJC_ROOT_CLASS = YES_ERROR;
				CLANG_WARN_QUOTED_INCLUDE_IN_FRAMEWORK_HEADER = YES;
				CLANG_WARN_RANGE_LOOP_ANALYSIS = YES;
				CLANG_WARN_STRICT_PROTOTYPES = YES;
				CLANG_WARN_SUSPICIOUS_MOVE = YES;
				CLANG_WARN_UNGUARDED_AVAILABILITY = YES_AGGRESSIVE;
				CLANG_WARN_UNREACHABLE_CODE = YES;
				CLANG_WARN__DUPLICATE_METHOD_MATCH = YES;
				COPY_PHASE_STRIP = NO;
				DEBUG_INFORMATION_FORMAT = "dwarf-with-dsym";
				ENABLE_NS_ASSERTIONS = NO;
				ENABLE_STRICT_OBJC_MSGSEND = YES;
				GCC_C_LANGUAGE_STANDARD = gnu11;
				GCC_NO_COMMON_BLOCKS = YES;
				GCC_WARN_64_TO_32_BIT_CONVERSION = YES;
				GCC_WARN_ABOUT_RETURN_TYPE = YES_ERROR;
				GCC_WARN_UNDECLARED_SELECTOR = YES;
				GCC_WARN_UNINITIALIZED_AUTOS = YES_AGGRESSIVE;
				GCC_WARN_UNUSED_FUNCTION = YES;
				GCC_WARN_UNUSED_VARIABLE = YES;
				IPHONEOS_DEPLOYMENT_TARGET = 14.1;
				MTL_ENABLE_DEBUG_INFO = NO;
				MTL_FAST_MATH = YES;
				SDKROOT = iphoneos;
				SWIFT_COMPILATION_MODE = wholemodule;
				SWIFT_OPTIMIZATION_LEVEL = "-O";
				VALIDATE_PRODUCT = YES;
			};
			name = Release;
		};
		54FC623C25EC9638002C4BA6 /* Debug */ = {
			isa = XCBuildConfiguration;
			baseConfigurationReference = 8E2274C6A4D1229211083AEA /* Pods-E-Commerce.debug.xcconfig */;
			buildSettings = {
				ASSETCATALOG_COMPILER_APPICON_NAME = AppIcon;
				ASSETCATALOG_COMPILER_GLOBAL_ACCENT_COLOR_NAME = AccentColor;
				CODE_SIGN_STYLE = Automatic;
				DEVELOPMENT_ASSET_PATHS = "\"E-Commerce/Preview Content\"";
				DEVELOPMENT_TEAM = MD4799W7K8;
				ENABLE_PREVIEWS = YES;
				INFOPLIST_FILE = "E-Commerce/Info.plist";
				IPHONEOS_DEPLOYMENT_TARGET = 14.0;
				LD_RUNPATH_SEARCH_PATHS = (
					"$(inherited)",
					"@executable_path/Frameworks",
				);
				PRODUCT_BUNDLE_IDENTIFIER = "Caldery-s.E-Commerce";
				PRODUCT_NAME = "$(TARGET_NAME)";
				SWIFT_VERSION = 5.0;
				TARGETED_DEVICE_FAMILY = "1,2";
			};
			name = Debug;
		};
		54FC623D25EC9638002C4BA6 /* Release */ = {
			isa = XCBuildConfiguration;
			baseConfigurationReference = 171AC3EBD8593C3839014829 /* Pods-E-Commerce.release.xcconfig */;
			buildSettings = {
				ASSETCATALOG_COMPILER_APPICON_NAME = AppIcon;
				ASSETCATALOG_COMPILER_GLOBAL_ACCENT_COLOR_NAME = AccentColor;
				CODE_SIGN_STYLE = Automatic;
				DEVELOPMENT_ASSET_PATHS = "\"E-Commerce/Preview Content\"";
				DEVELOPMENT_TEAM = MD4799W7K8;
				ENABLE_PREVIEWS = YES;
				INFOPLIST_FILE = "E-Commerce/Info.plist";
				IPHONEOS_DEPLOYMENT_TARGET = 14.0;
				LD_RUNPATH_SEARCH_PATHS = (
					"$(inherited)",
					"@executable_path/Frameworks",
				);
				PRODUCT_BUNDLE_IDENTIFIER = "Caldery-s.E-Commerce";
				PRODUCT_NAME = "$(TARGET_NAME)";
				SWIFT_VERSION = 5.0;
				TARGETED_DEVICE_FAMILY = "1,2";
			};
			name = Release;
		};
/* End XCBuildConfiguration section */

/* Begin XCConfigurationList section */
		54FC622725EC9636002C4BA6 /* Build configuration list for PBXProject "E-Commerce" */ = {
			isa = XCConfigurationList;
			buildConfigurations = (
				54FC623925EC9638002C4BA6 /* Debug */,
				54FC623A25EC9638002C4BA6 /* Release */,
			);
			defaultConfigurationIsVisible = 0;
			defaultConfigurationName = Release;
		};
		54FC623B25EC9638002C4BA6 /* Build configuration list for PBXNativeTarget "E-Commerce" */ = {
			isa = XCConfigurationList;
			buildConfigurations = (
				54FC623C25EC9638002C4BA6 /* Debug */,
				54FC623D25EC9638002C4BA6 /* Release */,
			);
			defaultConfigurationIsVisible = 0;
			defaultConfigurationName = Release;
		};
/* End XCConfigurationList section */

/* Begin XCRemoteSwiftPackageReference section */
		544A93C725EF3A8A00D9AD4D /* XCRemoteSwiftPackageReference "SDWebImageSwiftUI" */ = {
			isa = XCRemoteSwiftPackageReference;
			repositoryURL = "https://github.com/SDWebImage/SDWebImageSwiftUI.git";
			requirement = {
				kind = upToNextMajorVersion;
				minimumVersion = 2.0.1;
			};
		};
/* End XCRemoteSwiftPackageReference section */

/* Begin XCSwiftPackageProductDependency section */
		544A93C825EF3A8A00D9AD4D /* SDWebImageSwiftUI */ = {
			isa = XCSwiftPackageProductDependency;
			package = 544A93C725EF3A8A00D9AD4D /* XCRemoteSwiftPackageReference "SDWebImageSwiftUI" */;
			productName = SDWebImageSwiftUI;
		};
/* End XCSwiftPackageProductDependency section */
	};
	rootObject = 54FC622425EC9636002C4BA6 /* Project object */;
}
